
Microsoft Visual Studio Solution File, Format Version 12.00
# Visual Studio Version 17
VisualStudioVersion = 17.14.36429.23 d17.14
MinimumVisualStudioVersion = 10.0.40219.1
Project("{FAE04EC0-301F-11D3-BF4B-00C04F79EFBC}") = "ZooDemoExam", "ZooDemoExam\ZooDemoExam.csproj", "{B7ECC944-AB50-47A5-867C-DD8E96E77D74}"
EndProject
Global
	GlobalSection(SolutionConfigurationPlatforms) = preSolution
		Debug|Any CPU = Debug|Any CPU
		Release|Any CPU = Release|Any CPU
	EndGlobalSection
	GlobalSection(ProjectConfigurationPlatforms) = postSolution
		{B7ECC944-AB50-47A5-867C-DD8E96E77D74}.Debug|Any CPU.ActiveCfg = Debug|Any CPU
		{B7ECC944-AB50-47A5-867C-DD8E96E77D74}.Debug|Any CPU.Build.0 = Debug|Any CPU
		{B7ECC944-AB50-47A5-867C-DD8E96E77D74}.Release|Any CPU.ActiveCfg = Release|Any CPU
		{B7ECC944-AB50-47A5-867C-DD8E96E77D74}.Release|Any CPU.Build.0 = Release|Any CPU
	EndGlobalSection
	GlobalSection(SolutionProperties) = preSolution
		HideSolutionNode = FALSE
	EndGlobalSection
	GlobalSection(ExtensibilityGlobals) = postSolution
		SolutionGuid = {FD7052B8-C523-4EA9-BAD9-41D1FE192E52}
	EndGlobalSection
EndGlobal
